// !$*UTF8*$!
{
	archiveVersion = 1;
	classes = {
	};
	objectVersion = 56;
	objects = {

/* Begin PBXGroup section */
		C6392DCA2BA4C1CD0031975C = {
			isa = PBXGroup;
			children = (
			);
			sourceTree = "<group>";
		};
/* End PBXGroup section */

/* Begin PBXProject section */
		C6392DCB2BA4C1CD0031975C /* Project object */ = {
			isa = PBXProject;
			attributes = {
				BuildIndependentTargetsInParallel = 1;
				LastUpgradeCheck = 1410;
			};
			buildConfigurationList = C6392DCE2BA4C1CD0031975C /* Build configuration list for PBXProject "ThisIsATest" */;
			compatibilityVersion = "Xcode 14.0";
			developmentRegion = en;
			hasScannedForEncodings = 0;
			knownRegions = (
				en,
				Base,
			);
			mainGroup = C6392DCA2BA4C1CD0031975C;
			projectDirPath = "";
			projectRoot = "";
			targets = (
			);
		};
/* End PBXProject section */

/* Begin XCBuildConfiguration section */
		C6392DCF2BA4C1CD0031975C /* Debug */ = {
			isa = XCBuildConfiguration;
			buildSettings = {
			};
			name = Debug;
		};
		C6392DD02BA4C1CD0031975C /* Release */ = {
			isa = XCBuildConfiguration;
			buildSettings = {
			};
			name = Release;
		};
/* End XCBuildConfiguration section */

/* Begin XCConfigurationList section */
		C6392DCE2BA4C1CD0031975C /* Build configuration list for PBXProject "ThisIsATest" */ = {
			isa = XCConfigurationList;
			buildConfigurations = (
				C6392DCF2BA4C1CD0031975C /* Debug */,
				C6392DD02BA4C1CD0031975C /* Release */,
			);
			defaultConfigurationIsVisible = 0;
			defaultConfigurationName = Release;
		};
/* End XCConfigurationList section */
	};
	rootObject = C6392DCB2BA4C1CD0031975C /* Project object */;
}
